
Microsoft Visual Studio Solution File, Format Version 12.00
Project("{FAE04EC0-301F-11D3-BF4B-00C04F79EFBC}") = "MercuriusApi", "MercuriusApi\MercuriusApi.csproj", "{B247DC3B-2767-438D-8C04-3C38FDF5C171}"
EndProject
Global
	GlobalSection(SolutionConfigurationPlatforms) = preSolution
		Debug|Any CPU = Debug|Any CPU
		Release|Any CPU = Release|Any CPU
	EndGlobalSection
	GlobalSection(ProjectConfigurationPlatforms) = postSolution
		{B247DC3B-2767-438D-8C04-3C38FDF5C171}.Debug|Any CPU.ActiveCfg = Debug|Any CPU
		{B247DC3B-2767-438D-8C04-3C38FDF5C171}.Debug|Any CPU.Build.0 = Debug|Any CPU
		{B247DC3B-2767-438D-8C04-3C38FDF5C171}.Release|Any CPU.ActiveCfg = Release|Any CPU
		{B247DC3B-2767-438D-8C04-3C38FDF5C171}.Release|Any CPU.Build.0 = Release|Any CPU
	EndGlobalSection
EndGlobal
